
Microsoft Visual Studio Solution File, Format Version 12.00
# Visual Studio 15
VisualStudioVersion = 15.0.27130.2027
MinimumVisualStudioVersion = 10.0.40219.1
Project("{9A19103F-16F7-4668-BE54-9A1E7A4F7556}") = "TravixTest.WebApi", "TravixTest.WebApi\TravixTest.WebApi.csproj", "{7B481B3A-C456-4296-92B9-6B6DA3FC9953}"
EndProject
Project("{9A19103F-16F7-4668-BE54-9A1E7A4F7556}") = "TravixTest.Logic", "TravixTest.Logic\TravixTest.Logic.csproj", "{646495E8-6648-4C00-B15F-3993D1F1E81A}"
EndProject
Project("{9A19103F-16F7-4668-BE54-9A1E7A4F7556}") = "TravixTest.Logic.Tests", "TravixTest.Logic.Tests\TravixTest.Logic.Tests.csproj", "{219ED97E-853E-4A90-B812-7A9915978346}"
EndProject
Project("{FAE04EC0-301F-11D3-BF4B-00C04F79EFBC}") = "TravixTest.DataAccess", "TravixTest.DataAccess\TravixTest.DataAccess.csproj", "{FEB21240-9C4B-4249-A09A-33FCEDC69FE7}"
EndProject
Global
	GlobalSection(SolutionConfigurationPlatforms) = preSolution
		Debug|Any CPU = Debug|Any CPU
		Release|Any CPU = Release|Any CPU
	EndGlobalSection
	GlobalSection(ProjectConfigurationPlatforms) = postSolution
		{7B481B3A-C456-4296-92B9-6B6DA3FC9953}.Debug|Any CPU.ActiveCfg = Debug|Any CPU
		{7B481B3A-C456-4296-92B9-6B6DA3FC9953}.Debug|Any CPU.Build.0 = Debug|Any CPU
		{7B481B3A-C456-4296-92B9-6B6DA3FC9953}.Release|Any CPU.ActiveCfg = Release|Any CPU
		{7B481B3A-C456-4296-92B9-6B6DA3FC9953}.Release|Any CPU.Build.0 = Release|Any CPU
		{646495E8-6648-4C00-B15F-3993D1F1E81A}.Debug|Any CPU.ActiveCfg = Debug|Any CPU
		{646495E8-6648-4C00-B15F-3993D1F1E81A}.Debug|Any CPU.Build.0 = Debug|Any CPU
		{646495E8-6648-4C00-B15F-3993D1F1E81A}.Release|Any CPU.ActiveCfg = Release|Any CPU
		{646495E8-6648-4C00-B15F-3993D1F1E81A}.Release|Any CPU.Build.0 = Release|Any CPU
		{219ED97E-853E-4A90-B812-7A9915978346}.Debug|Any CPU.ActiveCfg = Debug|Any CPU
		{219ED97E-853E-4A90-B812-7A9915978346}.Debug|Any CPU.Build.0 = Debug|Any CPU
		{219ED97E-853E-4A90-B812-7A9915978346}.Release|Any CPU.ActiveCfg = Release|Any CPU
		{219ED97E-853E-4A90-B812-7A9915978346}.Release|Any CPU.Build.0 = Release|Any CPU
		{FEB21240-9C4B-4249-A09A-33FCEDC69FE7}.Debug|Any CPU.ActiveCfg = Debug|Any CPU
		{FEB21240-9C4B-4249-A09A-33FCEDC69FE7}.Debug|Any CPU.Build.0 = Debug|Any CPU
		{FEB21240-9C4B-4249-A09A-33FCEDC69FE7}.Release|Any CPU.ActiveCfg = Release|Any CPU
		{FEB21240-9C4B-4249-A09A-33FCEDC69FE7}.Release|Any CPU.Build.0 = Release|Any CPU
	EndGlobalSection
	GlobalSection(SolutionProperties) = preSolution
		HideSolutionNode = FALSE
	EndGlobalSection
	GlobalSection(ExtensibilityGlobals) = postSolution
		SolutionGuid = {7259945B-AA59-40B4-8883-6E3BDA558635}
	EndGlobalSection
EndGlobal
